
Microsoft Visual Studio Solution File, Format Version 12.00
# Visual Studio Version 17
VisualStudioVersion = 17.8.34511.84
MinimumVisualStudioVersion = 10.0.40219.1
Project("{FAE04EC0-301F-11D3-BF4B-00C04F79EFBC}") = "SURE_Store_API", "SURE_Store_API.csproj", "{4891DCC2-A523-400E-BA65-C571D2CFEF12}"
EndProject
Global
	GlobalSection(SolutionConfigurationPlatforms) = preSolution
		Debug|Any CPU = Debug|Any CPU
		Release|Any CPU = Release|Any CPU
	EndGlobalSection
	GlobalSection(ProjectConfigurationPlatforms) = postSolution
		{4891DCC2-A523-400E-BA65-C571D2CFEF12}.Debug|Any CPU.ActiveCfg = Debug|Any CPU
		{4891DCC2-A523-400E-BA65-C571D2CFEF12}.Debug|Any CPU.Build.0 = Debug|Any CPU
		{4891DCC2-A523-400E-BA65-C571D2CFEF12}.Release|Any CPU.ActiveCfg = Release|Any CPU
		{4891DCC2-A523-400E-BA65-C571D2CFEF12}.Release|Any CPU.Build.0 = Release|Any CPU
	EndGlobalSection
	GlobalSection(SolutionProperties) = preSolution
		HideSolutionNode = FALSE
	EndGlobalSection
	GlobalSection(ExtensibilityGlobals) = postSolution
		SolutionGuid = {7AB05806-3A7B-410E-9810-6E890F5D28E1}
	EndGlobalSection
EndGlobal
